// !$*UTF8*$!
{
	archiveVersion = 1;
	classes = {
	};
	objectVersion = 77;
	objects = {

/* Begin PBXBuildFile section */
		158002C42EC6B8100068FFC8 /* BarcodeScannerBarcodeItem.swift in Sources */ = {isa = PBXBuildFile; fileRef = 158002C32EC6B8100068FFC8 /* BarcodeScannerBarcodeItem.swift */; };
		158002C62EC6B8220068FFC8 /* BarcodeScannerBarcodeScannerViewModel.swift in Sources */ = {isa = PBXBuildFile; fileRef = 158002C52EC6B8220068FFC8 /* BarcodeScannerBarcodeScannerViewModel.swift */; };
		158002C82EC6B8280068FFC8 /* BarcodeScannerCameraView.swift in Sources */ = {isa = PBXBuildFile; fileRef = 158002C72EC6B8280068FFC8 /* BarcodeScannerCameraView.swift */; };
/* End PBXBuildFile section */

/* Begin PBXContainerItemProxy section */
		1571BDF22EC661C700B179B5 /* PBXContainerItemProxy */ = {
			isa = PBXContainerItemProxy;
			containerPortal = 1571BDDB2EC661C600B179B5 /* Project object */;
			proxyType = 1;
			remoteGlobalIDString = 1571BDE22EC661C600B179B5;
			remoteInfo = VisionTester;
		};
		1571BDFC2EC661C700B179B5 /* PBXContainerItemProxy */ = {
			isa = PBXContainerItemProxy;
			containerPortal = 1571BDDB2EC661C600B179B5 /* Project object */;
			proxyType = 1;
			remoteGlobalIDString = 1571BDE22EC661C600B179B5;
			remoteInfo = VisionTester;
		};
/* End PBXContainerItemProxy section */

/* Begin PBXFileReference section */
		1571BDE32EC661C600B179B5 /* VisionTester.app */ = {isa = PBXFileReference; explicitFileType = wrapper.application; includeInIndex = 0; path = VisionTester.app; sourceTree = BUILT_PRODUCTS_DIR; };
		1571BDF12EC661C700B179B5 /* VisionTesterTests.xctest */ = {isa = PBXFileReference; explicitFileType = wrapper.cfbundle; includeInIndex = 0; path = VisionTesterTests.xctest; sourceTree = BUILT_PRODUCTS_DIR; };
		1571BDFB2EC661C700B179B5 /* VisionTesterUITests.xctest */ = {isa = PBXFileReference; explicitFileType = wrapper.cfbundle; includeInIndex = 0; path = VisionTesterUITests.xctest; sourceTree = BUILT_PRODUCTS_DIR; };
		158002C32EC6B8100068FFC8 /* BarcodeScannerBarcodeItem.swift */ = {isa = PBXFileReference; lastKnownFileType = sourcecode.swift; path = BarcodeScannerBarcodeItem.swift; sourceTree = "<group>"; };
		158002C52EC6B8220068FFC8 /* BarcodeScannerBarcodeScannerViewModel.swift */ = {isa = PBXFileReference; lastKnownFileType = sourcecode.swift; path = BarcodeScannerBarcodeScannerViewModel.swift; sourceTree = "<group>"; };
		158002C72EC6B8280068FFC8 /* BarcodeScannerCameraView.swift */ = {isa = PBXFileReference; lastKnownFileType = sourcecode.swift; path = BarcodeScannerCameraView.swift; sourceTree = "<group>"; };
/* End PBXFileReference section */

/* Begin PBXFileSystemSynchronizedRootGroup section */
		1571BDE52EC661C600B179B5 /* VisionTester */ = {
			isa = PBXFileSystemSynchronizedRootGroup;
			path = VisionTester;
			sourceTree = "<group>";
		};
		1571BDF42EC661C700B179B5 /* VisionTesterTests */ = {
			isa = PBXFileSystemSynchronizedRootGroup;
			path = VisionTesterTests;
			sourceTree = "<group>";
		};
		1571BDFE2EC661C700B179B5 /* VisionTesterUITests */ = {
			isa = PBXFileSystemSynchronizedRootGroup;
			path = VisionTesterUITests;
			sourceTree = "<group>";
		};
/* End PBXFileSystemSynchronizedRootGroup section */

/* Begin PBXFrameworksBuildPhase section */
		1571BDE02EC661C600B179B5 /* Frameworks */ = {
			isa = PBXFrameworksBuildPhase;
			buildActionMask = 2147483647;
			files = (
			);
			runOnlyForDeploymentPostprocessing = 0;
		};
		1571BDEE2EC661C700B179B5 /* Frameworks */ = {
			isa = PBXFrameworksBuildPhase;
			buildActionMask = 2147483647;
			files = (
			);
			runOnlyForDeploymentPostprocessing = 0;
		};
		1571BDF82EC661C700B179B5 /* Frameworks */ = {
			isa = PBXFrameworksBuildPhase;
			buildActionMask = 2147483647;
			files = (
			);
			runOnlyForDeploymentPostprocessing = 0;
		};
/* End PBXFrameworksBuildPhase section */

/* Begin PBXGroup section */
		1571BDDA2EC661C600B179B5 = {
			isa = PBXGroup;
			children = (
				1571BDE52EC661C600B179B5 /* VisionTester */,
				1571BDF42EC661C700B179B5 /* VisionTesterTests */,
				1571BDFE2EC661C700B179B5 /* VisionTesterUITests */,
				1571BDE42EC661C600B179B5 /* Products */,
				158002C32EC6B8100068FFC8 /* BarcodeScannerBarcodeItem.swift */,
				158002C52EC6B8220068FFC8 /* BarcodeScannerBarcodeScannerViewModel.swift */,
				158002C72EC6B8280068FFC8 /* BarcodeScannerCameraView.swift */,
			);
			sourceTree = "<group>";
		};
		1571BDE42EC661C600B179B5 /* Products */ = {
			isa = PBXGroup;
			children = (
				1571BDE32EC661C600B179B5 /* VisionTester.app */,
				1571BDF12EC661C700B179B5 /* VisionTesterTests.xctest */,
				1571BDFB2EC661C700B179B5 /* VisionTesterUITests.xctest */,
			);
			name = Products;
			sourceTree = "<group>";
		};
/* End PBXGroup section */

/* Begin PBXNativeTarget section */
		1571BDE22EC661C600B179B5 /* VisionTester */ = {
			isa = PBXNativeTarget;
			buildConfigurationList = 1571BE052EC661C700B179B5 /* Build configuration list for PBXNativeTarget "VisionTester" */;
			buildPhases = (
				1571BDDF2EC661C600B179B5 /* Sources */,
				1571BDE02EC661C600B179B5 /* Frameworks */,
				1571BDE12EC661C600B179B5 /* Resources */,
			);
			buildRules = (
			);
			dependencies = (
			);
			fileSystemSynchronizedGroups = (
				1571BDE52EC661C600B179B5 /* VisionTester */,
			);
			name = VisionTester;
			packageProductDependencies = (
			);
			productName = VisionTester;
			productReference = 1571BDE32EC661C600B179B5 /* VisionTester.app */;
			productType = "com.apple.product-type.application";
		};
		1571BDF02EC661C700B179B5 /* VisionTesterTests */ = {
			isa = PBXNativeTarget;
			buildConfigurationList = 1571BE082EC661C700B179B5 /* Build configuration list for PBXNativeTarget "VisionTesterTests" */;
			buildPhases = (
				1571BDED2EC661C700B179B5 /* Sources */,
				1571BDEE2EC661C700B179B5 /* Frameworks */,
				1571BDEF2EC661C700B179B5 /* Resources */,
			);
			buildRules = (
			);
			dependencies = (
				1571BDF32EC661C700B179B5 /* PBXTargetDependency */,
			);
			fileSystemSynchronizedGroups = (
				1571BDF42EC661C700B179B5 /* VisionTesterTests */,
			);
			name = VisionTesterTests;
			packageProductDependencies = (
			);
			productName = VisionTesterTests;
			productReference = 1571BDF12EC661C700B179B5 /* VisionTesterTests.xctest */;
			productType = "com.apple.product-type.bundle.unit-test";
		};
		1571BDFA2EC661C700B179B5 /* VisionTesterUITests */ = {
			isa = PBXNativeTarget;
			buildConfigurationList = 1571BE0B2EC661C700B179B5 /* Build configuration list for PBXNativeTarget "VisionTesterUITests" */;
			buildPhases = (
				1571BDF72EC661C700B179B5 /* Sources */,
				1571BDF82EC661C700B179B5 /* Frameworks */,
				1571BDF92EC661C700B179B5 /* Resources */,
			);
			buildRules = (
			);
			dependencies = (
				1571BDFD2EC661C700B179B5 /* PBXTargetDependency */,
			);
			fileSystemSynchronizedGroups = (
				1571BDFE2EC661C700B179B5 /* VisionTesterUITests */,
			);
			name = VisionTesterUITests;
			packageProductDependencies = (
			);
			productName = VisionTesterUITests;
			productReference = 1571BDFB2EC661C700B179B5 /* VisionTesterUITests.xctest */;
			productType = "com.apple.product-type.bundle.ui-testing";
		};
/* End PBXNativeTarget section */

/* Begin PBXProject section */
		1571BDDB2EC661C600B179B5 /* Project object */ = {
			isa = PBXProject;
			attributes = {
				BuildIndependentTargetsInParallel = 1;
				LastSwiftUpdateCheck = 1640;
				LastUpgradeCheck = 1640;
				TargetAttributes = {
					1571BDE22EC661C600B179B5 = {
						CreatedOnToolsVersion = 16.4;
					};
					1571BDF02EC661C700B179B5 = {
						CreatedOnToolsVersion = 16.4;
						TestTargetID = 1571BDE22EC661C600B179B5;
					};
					1571BDFA2EC661C700B179B5 = {
						CreatedOnToolsVersion = 16.4;
						TestTargetID = 1571BDE22EC661C600B179B5;
					};
				};
			};
			buildConfigurationList = 1571BDDE2EC661C600B179B5 /* Build configuration list for PBXProject "VisionTester" */;
			developmentRegion = en;
			hasScannedForEncodings = 0;
			knownRegions = (
				en,
				Base,
			);
			mainGroup = 1571BDDA2EC661C600B179B5;
			minimizedProjectReferenceProxies = 1;
			preferredProjectObjectVersion = 77;
			productRefGroup = 1571BDE42EC661C600B179B5 /* Products */;
			projectDirPath = "";
			projectRoot = "";
			targets = (
				1571BDE22EC661C600B179B5 /* VisionTester */,
				1571BDF02EC661C700B179B5 /* VisionTesterTests */,
				1571BDFA2EC661C700B179B5 /* VisionTesterUITests */,
			);
		};
/* End PBXProject section */

/* Begin PBXResourcesBuildPhase section */
		1571BDE12EC661C600B179B5 /* Resources */ = {
			isa = PBXResourcesBuildPhase;
			buildActionMask = 2147483647;
			files = (
			);
			runOnlyForDeploymentPostprocessing = 0;
		};
		1571BDEF2EC661C700B179B5 /* Resources */ = {
			isa = PBXResourcesBuildPhase;
			buildActionMask = 2147483647;
			files = (
			);
			runOnlyForDeploymentPostprocessing = 0;
		};
		1571BDF92EC661C700B179B5 /* Resources */ = {
			isa = PBXResourcesBuildPhase;
			buildActionMask = 2147483647;
			files = (
			);
			runOnlyForDeploymentPostprocessing = 0;
		};
/* End PBXResourcesBuildPhase section */

/* Begin PBXSourcesBuildPhase section */
		1571BDDF2EC661C600B179B5 /* Sources */ = {
			isa = PBXSourcesBuildPhase;
			buildActionMask = 2147483647;
			files = (
				158002C42EC6B8100068FFC8 /* BarcodeScannerBarcodeItem.swift in Sources */,
				158002C82EC6B8280068FFC8 /* BarcodeScannerCameraView.swift in Sources */,
				158002C62EC6B8220068FFC8 /* BarcodeScannerBarcodeScannerViewModel.swift in Sources */,
			);
			runOnlyForDeploymentPostprocessing = 0;
		};
		1571BDED2EC661C700B179B5 /* Sources */ = {
			isa = PBXSourcesBuildPhase;
			buildActionMask = 2147483647;
			files = (
			);
			runOnlyForDeploymentPostprocessing = 0;
		};
		1571BDF72EC661C700B179B5 /* Sources */ = {
			isa = PBXSourcesBuildPhase;
			buildActionMask = 2147483647;
			files = (
			);
			runOnlyForDeploymentPostprocessing = 0;
		};
/* End PBXSourcesBuildPhase section */

/* Begin PBXTargetDependency section */
		1571BDF32EC661C700B179B5 /* PBXTargetDependency */ = {
			isa = PBXTargetDependency;
			target = 1571BDE22EC661C600B179B5 /* VisionTester */;
			targetProxy = 1571BDF22EC661C700B179B5 /* PBXContainerItemProxy */;
		};
		1571BDFD2EC661C700B179B5 /* PBXTargetDependency */ = {
			isa = PBXTargetDependency;
			target = 1571BDE22EC661C600B179B5 /* VisionTester */;
			targetProxy = 1571BDFC2EC661C700B179B5 /* PBXContainerItemProxy */;
		};
/* End PBXTargetDependency section */

/* Begin XCBuildConfiguration section */
		1571BE032EC661C700B179B5 /* Debug */ = {
			isa = XCBuildConfiguration;
			buildSettings = {
				ALWAYS_SEARCH_USER_PATHS = NO;
				ASSETCATALOG_COMPILER_GENERATE_SWIFT_ASSET_SYMBOL_EXTENSIONS = YES;
				CLANG_ANALYZER_NONNULL = YES;
				CLANG_ANALYZER_NUMBER_OBJECT_CONVERSION = YES_AGGRESSIVE;
				CLANG_CXX_LANGUAGE_STANDARD = "gnu++20";
				CLANG_ENABLE_MODULES = YES;
				CLANG_ENABLE_OBJC_ARC = YES;
				CLANG_ENABLE_OBJC_WEAK = YES;
				CLANG_WARN_BLOCK_CAPTURE_AUTORELEASING = YES;
				CLANG_WARN_BOOL_CONVERSION = YES;
				CLANG_WARN_COMMA = YES;
				CLANG_WARN_CONSTANT_CONVERSION = YES;
				CLANG_WARN_DEPRECATED_OBJC_IMPLEMENTATIONS = YES;
				CLANG_WARN_DIRECT_OBJC_ISA_USAGE = YES_ERROR;
				CLANG_WARN_DOCUMENTATION_COMMENTS = YES;
				CLANG_WARN_EMPTY_BODY = YES;
				CLANG_WARN_ENUM_CONVERSION = YES;
				CLANG_WARN_INFINITE_RECURSION = YES;
				CLANG_WARN_INT_CONVERSION = YES;
				CLANG_WARN_NON_LITERAL_NULL_CONVERSION = YES;
				CLANG_WARN_OBJC_IMPLICIT_RETAIN_SELF = YES;
				CLANG_WARN_OBJC_LITERAL_CONVERSION = YES;
				CLANG_WARN_OBJC_ROOT_CLASS = YES_ERROR;
				CLANG_WARN_QUOTED_INCLUDE_IN_FRAMEWORK_HEADER = YES;
				CLANG_WARN_RANGE_LOOP_ANALYSIS = YES;
				CLANG_WARN_STRICT_PROTOTYPES = YES;
				CLANG_WARN_SUSPICIOUS_MOVE = YES;
				CLANG_WARN_UNGUARDED_AVAILABILITY = YES_AGGRESSIVE;
				CLANG_WARN_UNREACHABLE_CODE = YES;
				CLANG_WARN__DUPLICATE_METHOD_MATCH = YES;
				COPY_PHASE_STRIP = NO;
				DEBUG_INFORMATION_FORMAT = dwarf;
				DEVELOPMENT_TEAM = 8773N859LA;
				ENABLE_STRICT_OBJC_MSGSEND = YES;
				ENABLE_TESTABILITY = YES;
				ENABLE_USER_SCRIPT_SANDBOXING = YES;
				GCC_C_LANGUAGE_STANDARD = gnu17;
				GCC_DYNAMIC_NO_PIC = NO;
				GCC_NO_COMMON_BLOCKS = YES;
				GCC_OPTIMIZATION_LEVEL = 0;
				GCC_PREPROCESSOR_DEFINITIONS = (
					"DEBUG=1",
					"$(inherited)",
				);
				GCC_WARN_64_TO_32_BIT_CONVERSION = YES;
				GCC_WARN_ABOUT_RETURN_TYPE = YES_ERROR;
				GCC_WARN_UNDECLARED_SELECTOR = YES;
				GCC_WARN_UNINITIALIZED_AUTOS = YES_AGGRESSIVE;
				GCC_WARN_UNUSED_FUNCTION = YES;
				GCC_WARN_UNUSED_VARIABLE = YES;
				LOCALIZATION_PREFERS_STRING_CATALOGS = YES;
				MTL_ENABLE_DEBUG_INFO = INCLUDE_SOURCE;
				MTL_FAST_MATH = YES;
				ONLY_ACTIVE_ARCH = YES;
				SWIFT_ACTIVE_COMPILATION_CONDITIONS = "DEBUG $(inherited)";
				SWIFT_OPTIMIZATION_LEVEL = "-Onone";
			};
			name = Debug;
		};
		1571BE042EC661C700B179B5 /* Release */ = {
			isa = XCBuildConfiguration;
			buildSettings = {
				ALWAYS_SEARCH_USER_PATHS = NO;
				ASSETCATALOG_COMPILER_GENERATE_SWIFT_ASSET_SYMBOL_EXTENSIONS = YES;
				CLANG_ANALYZER_NONNULL = YES;
				CLANG_ANALYZER_NUMBER_OBJECT_CONVERSION = YES_AGGRESSIVE;
				CLANG_CXX_LANGUAGE_STANDARD = "gnu++20";
				CLANG_ENABLE_MODULES = YES;
				CLANG_ENABLE_OBJC_ARC = YES;
				CLANG_ENABLE_OBJC_WEAK = YES;
				CLANG_WARN_BLOCK_CAPTURE_AUTORELEASING = YES;
				CLANG_WARN_BOOL_CONVERSION = YES;
				CLANG_WARN_COMMA = YES;
				CLANG_WARN_CONSTANT_CONVERSION = YES;
				CLANG_WARN_DEPRECATED_OBJC_IMPLEMENTATIONS = YES;
				CLANG_WARN_DIRECT_OBJC_ISA_USAGE = YES_ERROR;
				CLANG_WARN_DOCUMENTATION_COMMENTS = YES;
				CLANG_WARN_EMPTY_BODY = YES;
				CLANG_WARN_ENUM_CONVERSION = YES;
				CLANG_WARN_INFINITE_RECURSION = YES;
				CLANG_WARN_INT_CONVERSION = YES;
				CLANG_WARN_NON_LITERAL_NULL_CONVERSION = YES;
				CLANG_WARN_OBJC_IMPLICIT_RETAIN_SELF = YES;
				CLANG_WARN_OBJC_LITERAL_CONVERSION = YES;
				CLANG_WARN_OBJC_ROOT_CLASS = YES_ERROR;
				CLANG_WARN_QUOTED_INCLUDE_IN_FRAMEWORK_HEADER = YES;
				CLANG_WARN_RANGE_LOOP_ANALYSIS = YES;
				CLANG_WARN_STRICT_PROTOTYPES = YES;
				CLANG_WARN_SUSPICIOUS_MOVE = YES;
				CLANG_WARN_UNGUARDED_AVAILABILITY = YES_AGGRESSIVE;
				CLANG_WARN_UNREACHABLE_CODE = YES;
				CLANG_WARN__DUPLICATE_METHOD_MATCH = YES;
				COPY_PHASE_STRIP = NO;
				DEBUG_INFORMATION_FORMAT = "dwarf-with-dsym";
				DEVELOPMENT_TEAM = 8773N859LA;
				ENABLE_NS_ASSERTIONS = NO;
				ENABLE_STRICT_OBJC_MSGSEND = YES;
				ENABLE_USER_SCRIPT_SANDBOXING = YES;
				GCC_C_LANGUAGE_STANDARD = gnu17;
				GCC_NO_COMMON_BLOCKS = YES;
				GCC_WARN_64_TO_32_BIT_CONVERSION = YES;
				GCC_WARN_ABOUT_RETURN_TYPE = YES_ERROR;
				GCC_WARN_UNDECLARED_SELECTOR = YES;
				GCC_WARN_UNINITIALIZED_AUTOS = YES_AGGRESSIVE;
				GCC_WARN_UNUSED_FUNCTION = YES;
				GCC_WARN_UNUSED_VARIABLE = YES;
				LOCALIZATION_PREFERS_STRING_CATALOGS = YES;
				MTL_ENABLE_DEBUG_INFO = NO;
				MTL_FAST_MATH = YES;
				SWIFT_COMPILATION_MODE = wholemodule;
			};
			name = Release;
		};
		1571BE062EC661C700B179B5 /* Debug */ = {
			isa = XCBuildConfiguration;
			buildSettings = {
				ASSETCATALOG_COMPILER_APPICON_NAME = AppIcon;
				ASSETCATALOG_COMPILER_GLOBAL_ACCENT_COLOR_NAME = AccentColor;
				CODE_SIGN_ENTITLEMENTS = VisionTester/VisionTester.entitlements;
				CODE_SIGN_STYLE = Automatic;
				CURRENT_PROJECT_VERSION = 1;
				DEVELOPMENT_TEAM = 8773N859LA;
				ENABLE_HARDENED_RUNTIME = YES;
				ENABLE_PREVIEWS = YES;
				GENERATE_INFOPLIST_FILE = YES;
				"INFOPLIST_KEY_UIApplicationSceneManifest_Generation[sdk=iphoneos*]" = YES;
				"INFOPLIST_KEY_UIApplicationSceneManifest_Generation[sdk=iphonesimulator*]" = YES;
				"INFOPLIST_KEY_UIApplicationSupportsIndirectInputEvents[sdk=iphoneos*]" = YES;
				"INFOPLIST_KEY_UIApplicationSupportsIndirectInputEvents[sdk=iphonesimulator*]" = YES;
				"INFOPLIST_KEY_UILaunchScreen_Generation[sdk=iphoneos*]" = YES;
				"INFOPLIST_KEY_UILaunchScreen_Generation[sdk=iphonesimulator*]" = YES;
				"INFOPLIST_KEY_UIStatusBarStyle[sdk=iphoneos*]" = UIStatusBarStyleDefault;
				"INFOPLIST_KEY_UIStatusBarStyle[sdk=iphonesimulator*]" = UIStatusBarStyleDefault;
				INFOPLIST_KEY_UISupportedInterfaceOrientations_iPad = "UIInterfaceOrientationPortrait UIInterfaceOrientationPortraitUpsideDown UIInterfaceOrientationLandscapeLeft UIInterfaceOrientationLandscapeRight";
				INFOPLIST_KEY_UISupportedInterfaceOrientations_iPhone = "UIInterfaceOrientationPortrait UIInterfaceOrientationLandscapeLeft UIInterfaceOrientationLandscapeRight";
				IPHONEOS_DEPLOYMENT_TARGET = 18.5;
				LD_RUNPATH_SEARCH_PATHS = "@executable_path/Frameworks";
				"LD_RUNPATH_SEARCH_PATHS[sdk=macosx*]" = "@executable_path/../Frameworks";
				MACOSX_DEPLOYMENT_TARGET = 15.5;
				MARKETING_VERSION = 1.0;
				PRODUCT_BUNDLE_IDENTIFIER = "Honey-Georgia.VisionTester";
				PRODUCT_NAME = "$(TARGET_NAME)";
				REGISTER_APP_GROUPS = YES;
				SDKROOT = auto;
				SUPPORTED_PLATFORMS = "iphoneos iphonesimulator macosx xros xrsimulator";
				SWIFT_EMIT_LOC_STRINGS = YES;
				SWIFT_VERSION = 5.0;
				TARGETED_DEVICE_FAMILY = "1,2,7";
				XROS_DEPLOYMENT_TARGET = 2.5;
			};
			name = Debug;
		};
		1571BE072EC661C700B179B5 /* Release */ = {
			isa = XCBuildConfiguration;
			buildSettings = {
				ASSETCATALOG_COMPILER_APPICON_NAME = AppIcon;
				ASSETCATALOG_COMPILER_GLOBAL_ACCENT_COLOR_NAME = AccentColor;
				CODE_SIGN_ENTITLEMENTS = VisionTester/VisionTester.entitlements;
				CODE_SIGN_STYLE = Automatic;
				CURRENT_PROJECT_VERSION = 1;
				DEVELOPMENT_TEAM = 8773N859LA;
				ENABLE_HARDENED_RUNTIME = YES;
				ENABLE_PREVIEWS = YES;
				GENERATE_INFOPLIST_FILE = YES;
				"INFOPLIST_KEY_UIApplicationSceneManifest_Generation[sdk=iphoneos*]" = YES;
				"INFOPLIST_KEY_UIApplicationSceneManifest_Generation[sdk=iphonesimulator*]" = YES;
				"INFOPLIST_KEY_UIApplicationSupportsIndirectInputEvents[sdk=iphoneos*]" = YES;
				"INFOPLIST_KEY_UIApplicationSupportsIndirectInputEvents[sdk=iphonesimulator*]" = YES;
				"INFOPLIST_KEY_UILaunchScreen_Generation[sdk=iphoneos*]" = YES;
				"INFOPLIST_KEY_UILaunchScreen_Generation[sdk=iphonesimulator*]" = YES;
				"INFOPLIST_KEY_UIStatusBarStyle[sdk=iphoneos*]" = UIStatusBarStyleDefault;
				"INFOPLIST_KEY_UIStatusBarStyle[sdk=iphonesimulator*]" = UIStatusBarStyleDefault;
				INFOPLIST_KEY_UISupportedInterfaceOrientations_iPad = "UIInterfaceOrientationPortrait UIInterfaceOrientationPortraitUpsideDown UIInterfaceOrientationLandscapeLeft UIInterfaceOrientationLandscapeRight";
				INFOPLIST_KEY_UISupportedInterfaceOrientations_iPhone = "UIInterfaceOrientationPortrait UIInterfaceOrientationLandscapeLeft UIInterfaceOrientationLandscapeRight";
				IPHONEOS_DEPLOYMENT_TARGET = 18.5;
				LD_RUNPATH_SEARCH_PATHS = "@executable_path/Frameworks";
				"LD_RUNPATH_SEARCH_PATHS[sdk=macosx*]" = "@executable_path/../Frameworks";
				MACOSX_DEPLOYMENT_TARGET = 15.5;
				MARKETING_VERSION = 1.0;
				PRODUCT_BUNDLE_IDENTIFIER = "Honey-Georgia.VisionTester";
				PRODUCT_NAME = "$(TARGET_NAME)";
				REGISTER_APP_GROUPS = YES;
				SDKROOT = auto;
				SUPPORTED_PLATFORMS = "iphoneos iphonesimulator macosx xros xrsimulator";
				SWIFT_EMIT_LOC_STRINGS = YES;
				SWIFT_VERSION = 5.0;
				TARGETED_DEVICE_FAMILY = "1,2,7";
				XROS_DEPLOYMENT_TARGET = 2.5;
			};
			name = Release;
		};
		1571BE092EC661C700B179B5 /* Debug */ = {
			isa = XCBuildConfiguration;
			buildSettings = {
				BUNDLE_LOADER = "$(TEST_HOST)";
				CODE_SIGN_STYLE = Automatic;
				CURRENT_PROJECT_VERSION = 1;
				DEVELOPMENT_TEAM = 8773N859LA;
				GENERATE_INFOPLIST_FILE = YES;
				IPHONEOS_DEPLOYMENT_TARGET = 18.5;
				MACOSX_DEPLOYMENT_TARGET = 15.5;
				MARKETING_VERSION = 1.0;
				PRODUCT_BUNDLE_IDENTIFIER = "Honey-Georgia.VisionTesterTests";
				PRODUCT_NAME = "$(TARGET_NAME)";
				SDKROOT = auto;
				SUPPORTED_PLATFORMS = "iphoneos iphonesimulator macosx xros xrsimulator";
				SWIFT_EMIT_LOC_STRINGS = NO;
				SWIFT_VERSION = 5.0;
				TARGETED_DEVICE_FAMILY = "1,2,7";
				TEST_HOST = "$(BUILT_PRODUCTS_DIR)/VisionTester.app/$(BUNDLE_EXECUTABLE_FOLDER_PATH)/VisionTester";
				XROS_DEPLOYMENT_TARGET = 2.5;
			};
			name = Debug;
		};
		1571BE0A2EC661C700B179B5 /* Release */ = {
			isa = XCBuildConfiguration;
			buildSettings = {
				BUNDLE_LOADER = "$(TEST_HOST)";
				CODE_SIGN_STYLE = Automatic;
				CURRENT_PROJECT_VERSION = 1;
				DEVELOPMENT_TEAM = 8773N859LA;
				GENERATE_INFOPLIST_FILE = YES;
				IPHONEOS_DEPLOYMENT_TARGET = 18.5;
				MACOSX_DEPLOYMENT_TARGET = 15.5;
				MARKETING_VERSION = 1.0;
				PRODUCT_BUNDLE_IDENTIFIER = "Honey-Georgia.VisionTesterTests";
				PRODUCT_NAME = "$(TARGET_NAME)";
				SDKROOT = auto;
				SUPPORTED_PLATFORMS = "iphoneos iphonesimulator macosx xros xrsimulator";
				SWIFT_EMIT_LOC_STRINGS = NO;
				SWIFT_VERSION = 5.0;
				TARGETED_DEVICE_FAMILY = "1,2,7";
				TEST_HOST = "$(BUILT_PRODUCTS_DIR)/VisionTester.app/$(BUNDLE_EXECUTABLE_FOLDER_PATH)/VisionTester";
				XROS_DEPLOYMENT_TARGET = 2.5;
			};
			name = Release;
		};
		1571BE0C2EC661C700B179B5 /* Debug */ = {
			isa = XCBuildConfiguration;
			buildSettings = {
				CODE_SIGN_STYLE = Automatic;
				CURRENT_PROJECT_VERSION = 1;
				DEVELOPMENT_TEAM = 8773N859LA;
				GENERATE_INFOPLIST_FILE = YES;
				IPHONEOS_DEPLOYMENT_TARGET = 18.5;
				MACOSX_DEPLOYMENT_TARGET = 15.5;
				MARKETING_VERSION = 1.0;
				PRODUCT_BUNDLE_IDENTIFIER = "Honey-Georgia.VisionTesterUITests";
				PRODUCT_NAME = "$(TARGET_NAME)";
				SDKROOT = auto;
				SUPPORTED_PLATFORMS = "iphoneos iphonesimulator macosx xros xrsimulator";
				SWIFT_EMIT_LOC_STRINGS = NO;
				SWIFT_VERSION = 5.0;
				TARGETED_DEVICE_FAMILY = "1,2,7";
				TEST_TARGET_NAME = VisionTester;
				XROS_DEPLOYMENT_TARGET = 2.5;
			};
			name = Debug;
		};
		1571BE0D2EC661C700B179B5 /* Release */ = {
			isa = XCBuildConfiguration;
			buildSettings = {
				CODE_SIGN_STYLE = Automatic;
				CURRENT_PROJECT_VERSION = 1;
				DEVELOPMENT_TEAM = 8773N859LA;
				GENERATE_INFOPLIST_FILE = YES;
				IPHONEOS_DEPLOYMENT_TARGET = 18.5;
				MACOSX_DEPLOYMENT_TARGET = 15.5;
				MARKETING_VERSION = 1.0;
				PRODUCT_BUNDLE_IDENTIFIER = "Honey-Georgia.VisionTesterUITests";
				PRODUCT_NAME = "$(TARGET_NAME)";
				SDKROOT = auto;
				SUPPORTED_PLATFORMS = "iphoneos iphonesimulator macosx xros xrsimulator";
				SWIFT_EMIT_LOC_STRINGS = NO;
				SWIFT_VERSION = 5.0;
				TARGETED_DEVICE_FAMILY = "1,2,7";
				TEST_TARGET_NAME = VisionTester;
				XROS_DEPLOYMENT_TARGET = 2.5;
			};
			name = Release;
		};
/* End XCBuildConfiguration section */

/* Begin XCConfigurationList section */
		1571BDDE2EC661C600B179B5 /* Build configuration list for PBXProject "VisionTester" */ = {
			isa = XCConfigurationList;
			buildConfigurations = (
				1571BE032EC661C700B179B5 /* Debug */,
				1571BE042EC661C700B179B5 /* Release */,
			);
			defaultConfigurationIsVisible = 0;
			defaultConfigurationName = Release;
		};
		1571BE052EC661C700B179B5 /* Build configuration list for PBXNativeTarget "VisionTester" */ = {
			isa = XCConfigurationList;
			buildConfigurations = (
				1571BE062EC661C700B179B5 /* Debug */,
				1571BE072EC661C700B179B5 /* Release */,
			);
			defaultConfigurationIsVisible = 0;
			defaultConfigurationName = Release;
		};
		1571BE082EC661C700B179B5 /* Build configuration list for PBXNativeTarget "VisionTesterTests" */ = {
			isa = XCConfigurationList;
			buildConfigurations = (
				1571BE092EC661C700B179B5 /* Debug */,
				1571BE0A2EC661C700B179B5 /* Release */,
			);
			defaultConfigurationIsVisible = 0;
			defaultConfigurationName = Release;
		};
		1571BE0B2EC661C700B179B5 /* Build configuration list for PBXNativeTarget "VisionTesterUITests" */ = {
			isa = XCConfigurationList;
			buildConfigurations = (
				1571BE0C2EC661C700B179B5 /* Debug */,
				1571BE0D2EC661C700B179B5 /* Release */,
			);
			defaultConfigurationIsVisible = 0;
			defaultConfigurationName = Release;
		};
/* End XCConfigurationList section */
	};
	rootObject = 1571BDDB2EC661C600B179B5 /* Project object */;
}
